// !$*UTF8*$!
{
	archiveVersion = 1;
	classes = {
	};
	objectVersion = 77;
	objects = {

/* Begin PBXBuildFile section */
		F937B2762F15302200A61176 /* ClipKeepKeyboard.appex in Embed Foundation Extensions */ = {isa = PBXBuildFile; fileRef = F937B26F2F15302200A61176 /* ClipKeepKeyboard.appex */; settings = {ATTRIBUTES = (RemoveHeadersOnCopy, ); }; };
		F937B28A2F15302F00A61176 /* ClipKeepShare.appex in Embed Foundation Extensions */ = {isa = PBXBuildFile; fileRef = F937B2802F15302F00A61176 /* ClipKeepShare.appex */; settings = {ATTRIBUTES = (RemoveHeadersOnCopy, ); }; };
/* End PBXBuildFile section */

/* Begin PBXContainerItemProxy section */
		F937B2742F15302200A61176 /* PBXContainerItemProxy */ = {
			isa = PBXContainerItemProxy;
			containerPortal = F9DDDB372F151AD500F8F1FA /* Project object */;
			proxyType = 1;
			remoteGlobalIDString = F937B26E2F15302200A61176;
			remoteInfo = ClipKeepKeyboard;
		};
		F937B2882F15302F00A61176 /* PBXContainerItemProxy */ = {
			isa = PBXContainerItemProxy;
			containerPortal = F9DDDB372F151AD500F8F1FA /* Project object */;
			proxyType = 1;
			remoteGlobalIDString = F937B27F2F15302F00A61176;
			remoteInfo = ClipKeepShare;
		};
/* End PBXContainerItemProxy section */

/* Begin PBXCopyFilesBuildPhase section */
		F937B27B2F15302200A61176 /* Embed Foundation Extensions */ = {
			isa = PBXCopyFilesBuildPhase;
			buildActionMask = 2147483647;
			dstPath = "";
			dstSubfolderSpec = 13;
			files = (
				F937B2762F15302200A61176 /* ClipKeepKeyboard.appex in Embed Foundation Extensions */,
				F937B28A2F15302F00A61176 /* ClipKeepShare.appex in Embed Foundation Extensions */,
			);
			name = "Embed Foundation Extensions";
			runOnlyForDeploymentPostprocessing = 0;
		};
/* End PBXCopyFilesBuildPhase section */

/* Begin PBXFileReference section */
		F937B26F2F15302200A61176 /* ClipKeepKeyboard.appex */ = {isa = PBXFileReference; explicitFileType = "wrapper.app-extension"; includeInIndex = 0; path = ClipKeepKeyboard.appex; sourceTree = BUILT_PRODUCTS_DIR; };
		F937B2802F15302F00A61176 /* ClipKeepShare.appex */ = {isa = PBXFileReference; explicitFileType = "wrapper.app-extension"; includeInIndex = 0; path = ClipKeepShare.appex; sourceTree = BUILT_PRODUCTS_DIR; };
		F9DDDB3F2F151AD500F8F1FA /* PasteClone.app */ = {isa = PBXFileReference; explicitFileType = wrapper.application; includeInIndex = 0; path = PasteClone.app; sourceTree = BUILT_PRODUCTS_DIR; };
/* End PBXFileReference section */

/* Begin PBXFileSystemSynchronizedBuildFileExceptionSet section */
		F937B2772F15302200A61176 /* Exceptions for "ClipKeepKeyboard" folder in "ClipKeepKeyboard" target */ = {
			isa = PBXFileSystemSynchronizedBuildFileExceptionSet;
			membershipExceptions = (
				Info.plist,
			);
			target = F937B26E2F15302200A61176 /* ClipKeepKeyboard */;
		};
		F937B28B2F15302F00A61176 /* Exceptions for "ClipKeepShare" folder in "ClipKeepShare" target */ = {
			isa = PBXFileSystemSynchronizedBuildFileExceptionSet;
			membershipExceptions = (
				Info.plist,
			);
			target = F937B27F2F15302F00A61176 /* ClipKeepShare */;
		};
		F937B2912F1530F900A61176 /* Exceptions for "ClipKeepKeyboard" folder in "PasteClone" target */ = {
			isa = PBXFileSystemSynchronizedBuildFileExceptionSet;
			membershipExceptions = (
				KeyboardDataProvider.swift,
				KeyboardItemView.swift,
				KeyboardView.swift,
				KeyboardViewController.swift,
			);
			target = F9DDDB3E2F151AD500F8F1FA /* PasteClone */;
		};
		F937B2922F1530FD00A61176 /* Exceptions for "ClipKeepShare" folder in "PasteClone" target */ = {
			isa = PBXFileSystemSynchronizedBuildFileExceptionSet;
			membershipExceptions = (
				ShareViewController.swift,
			);
			target = F9DDDB3E2F151AD500F8F1FA /* PasteClone */;
		};
		F937B2952F15326C00A61176 /* Exceptions for "PasteClone" folder in "ClipKeepKeyboard" target */ = {
			isa = PBXFileSystemSynchronizedBuildFileExceptionSet;
			membershipExceptions = (
				Shared/Models/ClipboardItem.swift,
				Shared/Models/Pinboard.swift,
			);
			target = F937B26E2F15302200A61176 /* ClipKeepKeyboard */;
		};
		F937B2962F15326C00A61176 /* Exceptions for "PasteClone" folder in "ClipKeepShare" target */ = {
			isa = PBXFileSystemSynchronizedBuildFileExceptionSet;
			membershipExceptions = (
				Shared/Models/ClipboardItem.swift,
				Shared/Models/Pinboard.swift,
			);
			target = F937B27F2F15302F00A61176 /* ClipKeepShare */;
		};
/* End PBXFileSystemSynchronizedBuildFileExceptionSet section */

/* Begin PBXFileSystemSynchronizedRootGroup section */
		F937B2702F15302200A61176 /* ClipKeepKeyboard */ = {
			isa = PBXFileSystemSynchronizedRootGroup;
			exceptions = (
				F937B2912F1530F900A61176 /* Exceptions for "ClipKeepKeyboard" folder in "PasteClone" target */,
				F937B2772F15302200A61176 /* Exceptions for "ClipKeepKeyboard" folder in "ClipKeepKeyboard" target */,
			);
			path = ClipKeepKeyboard;
			sourceTree = "<group>";
		};
		F937B2812F15302F00A61176 /* ClipKeepShare */ = {
			isa = PBXFileSystemSynchronizedRootGroup;
			exceptions = (
				F937B2922F1530FD00A61176 /* Exceptions for "ClipKeepShare" folder in "PasteClone" target */,
				F937B28B2F15302F00A61176 /* Exceptions for "ClipKeepShare" folder in "ClipKeepShare" target */,
			);
			path = ClipKeepShare;
			sourceTree = "<group>";
		};
		F9DDDB412F151AD500F8F1FA /* PasteClone */ = {
			isa = PBXFileSystemSynchronizedRootGroup;
			exceptions = (
				F937B2952F15326C00A61176 /* Exceptions for "PasteClone" folder in "ClipKeepKeyboard" target */,
				F937B2962F15326C00A61176 /* Exceptions for "PasteClone" folder in "ClipKeepShare" target */,
			);
			path = PasteClone;
			sourceTree = "<group>";
		};
/* End PBXFileSystemSynchronizedRootGroup section */

/* Begin PBXFrameworksBuildPhase section */
		F937B26C2F15302200A61176 /* Frameworks */ = {
			isa = PBXFrameworksBuildPhase;
			buildActionMask = 2147483647;
			files = (
			);
			runOnlyForDeploymentPostprocessing = 0;
		};
		F937B27D2F15302F00A61176 /* Frameworks */ = {
			isa = PBXFrameworksBuildPhase;
			buildActionMask = 2147483647;
			files = (
			);
			runOnlyForDeploymentPostprocessing = 0;
		};
		F9DDDB3C2F151AD500F8F1FA /* Frameworks */ = {
			isa = PBXFrameworksBuildPhase;
			buildActionMask = 2147483647;
			files = (
			);
			runOnlyForDeploymentPostprocessing = 0;
		};
/* End PBXFrameworksBuildPhase section */

/* Begin PBXGroup section */
		F9DDDB362F151AD500F8F1FA = {
			isa = PBXGroup;
			children = (
				F9DDDB412F151AD500F8F1FA /* PasteClone */,
				F937B2702F15302200A61176 /* ClipKeepKeyboard */,
				F937B2812F15302F00A61176 /* ClipKeepShare */,
				F9DDDB402F151AD500F8F1FA /* Products */,
			);
			sourceTree = "<group>";
		};
		F9DDDB402F151AD500F8F1FA /* Products */ = {
			isa = PBXGroup;
			children = (
				F9DDDB3F2F151AD500F8F1FA /* PasteClone.app */,
				F937B26F2F15302200A61176 /* ClipKeepKeyboard.appex */,
				F937B2802F15302F00A61176 /* ClipKeepShare.appex */,
			);
			name = Products;
			sourceTree = "<group>";
		};
/* End PBXGroup section */

/* Begin PBXNativeTarget section */
		F937B26E2F15302200A61176 /* ClipKeepKeyboard */ = {
			isa = PBXNativeTarget;
			buildConfigurationList = F937B2782F15302200A61176 /* Build configuration list for PBXNativeTarget "ClipKeepKeyboard" */;
			buildPhases = (
				F937B26B2F15302200A61176 /* Sources */,
				F937B26C2F15302200A61176 /* Frameworks */,
				F937B26D2F15302200A61176 /* Resources */,
			);
			buildRules = (
			);
			dependencies = (
			);
			fileSystemSynchronizedGroups = (
				F937B2702F15302200A61176 /* ClipKeepKeyboard */,
			);
			name = ClipKeepKeyboard;
			packageProductDependencies = (
			);
			productName = ClipKeepKeyboard;
			productReference = F937B26F2F15302200A61176 /* ClipKeepKeyboard.appex */;
			productType = "com.apple.product-type.app-extension";
		};
		F937B27F2F15302F00A61176 /* ClipKeepShare */ = {
			isa = PBXNativeTarget;
			buildConfigurationList = F937B28C2F15302F00A61176 /* Build configuration list for PBXNativeTarget "ClipKeepShare" */;
			buildPhases = (
				F937B27C2F15302F00A61176 /* Sources */,
				F937B27D2F15302F00A61176 /* Frameworks */,
				F937B27E2F15302F00A61176 /* Resources */,
			);
			buildRules = (
			);
			dependencies = (
			);
			fileSystemSynchronizedGroups = (
				F937B2812F15302F00A61176 /* ClipKeepShare */,
			);
			name = ClipKeepShare;
			packageProductDependencies = (
			);
			productName = ClipKeepShare;
			productReference = F937B2802F15302F00A61176 /* ClipKeepShare.appex */;
			productType = "com.apple.product-type.app-extension";
		};
		F9DDDB3E2F151AD500F8F1FA /* PasteClone */ = {
			isa = PBXNativeTarget;
			buildConfigurationList = F9DDDB4A2F151AD700F8F1FA /* Build configuration list for PBXNativeTarget "PasteClone" */;
			buildPhases = (
				F9DDDB3B2F151AD500F8F1FA /* Sources */,
				F9DDDB3C2F151AD500F8F1FA /* Frameworks */,
				F9DDDB3D2F151AD500F8F1FA /* Resources */,
				F937B27B2F15302200A61176 /* Embed Foundation Extensions */,
			);
			buildRules = (
			);
			dependencies = (
				F937B2752F15302200A61176 /* PBXTargetDependency */,
				F937B2892F15302F00A61176 /* PBXTargetDependency */,
			);
			fileSystemSynchronizedGroups = (
				F9DDDB412F151AD500F8F1FA /* PasteClone */,
			);
			name = PasteClone;
			packageProductDependencies = (
			);
			productName = PasteClone;
			productReference = F9DDDB3F2F151AD500F8F1FA /* PasteClone.app */;
			productType = "com.apple.product-type.application";
		};
/* End PBXNativeTarget section */

/* Begin PBXProject section */
		F9DDDB372F151AD500F8F1FA /* Project object */ = {
			isa = PBXProject;
			attributes = {
				BuildIndependentTargetsInParallel = 1;
				LastSwiftUpdateCheck = 2610;
				LastUpgradeCheck = 2610;
				TargetAttributes = {
					F937B26E2F15302200A61176 = {
						CreatedOnToolsVersion = 26.1.1;
					};
					F937B27F2F15302F00A61176 = {
						CreatedOnToolsVersion = 26.1.1;
					};
					F9DDDB3E2F151AD500F8F1FA = {
						CreatedOnToolsVersion = 26.1.1;
					};
				};
			};
			buildConfigurationList = F9DDDB3A2F151AD500F8F1FA /* Build configuration list for PBXProject "PasteClone" */;
			developmentRegion = en;
			hasScannedForEncodings = 0;
			knownRegions = (
				en,
				Base,
			);
			mainGroup = F9DDDB362F151AD500F8F1FA;
			minimizedProjectReferenceProxies = 1;
			preferredProjectObjectVersion = 77;
			productRefGroup = F9DDDB402F151AD500F8F1FA /* Products */;
			projectDirPath = "";
			projectRoot = "";
			targets = (
				F9DDDB3E2F151AD500F8F1FA /* PasteClone */,
				F937B26E2F15302200A61176 /* ClipKeepKeyboard */,
				F937B27F2F15302F00A61176 /* ClipKeepShare */,
			);
		};
/* End PBXProject section */

/* Begin PBXResourcesBuildPhase section */
		F937B26D2F15302200A61176 /* Resources */ = {
			isa = PBXResourcesBuildPhase;
			buildActionMask = 2147483647;
			files = (
			);
			runOnlyForDeploymentPostprocessing = 0;
		};
		F937B27E2F15302F00A61176 /* Resources */ = {
			isa = PBXResourcesBuildPhase;
			buildActionMask = 2147483647;
			files = (
			);
			runOnlyForDeploymentPostprocessing = 0;
		};
		F9DDDB3D2F151AD500F8F1FA /* Resources */ = {
			isa = PBXResourcesBuildPhase;
			buildActionMask = 2147483647;
			files = (
			);
			runOnlyForDeploymentPostprocessing = 0;
		};
/* End PBXResourcesBuildPhase section */

/* Begin PBXSourcesBuildPhase section */
		F937B26B2F15302200A61176 /* Sources */ = {
			isa = PBXSourcesBuildPhase;
			buildActionMask = 2147483647;
			files = (
			);
			runOnlyForDeploymentPostprocessing = 0;
		};
		F937B27C2F15302F00A61176 /* Sources */ = {
			isa = PBXSourcesBuildPhase;
			buildActionMask = 2147483647;
			files = (
			);
			runOnlyForDeploymentPostprocessing = 0;
		};
		F9DDDB3B2F151AD500F8F1FA /* Sources */ = {
			isa = PBXSourcesBuildPhase;
			buildActionMask = 2147483647;
			files = (
			);
			runOnlyForDeploymentPostprocessing = 0;
		};
/* End PBXSourcesBuildPhase section */

/* Begin PBXTargetDependency section */
		F937B2752F15302200A61176 /* PBXTargetDependency */ = {
			isa = PBXTargetDependency;
			target = F937B26E2F15302200A61176 /* ClipKeepKeyboard */;
			targetProxy = F937B2742F15302200A61176 /* PBXContainerItemProxy */;
		};
		F937B2892F15302F00A61176 /* PBXTargetDependency */ = {
			isa = PBXTargetDependency;
			target = F937B27F2F15302F00A61176 /* ClipKeepShare */;
			targetProxy = F937B2882F15302F00A61176 /* PBXContainerItemProxy */;
		};
/* End PBXTargetDependency section */

/* Begin XCBuildConfiguration section */
		F937B2792F15302200A61176 /* Debug */ = {
			isa = XCBuildConfiguration;
			buildSettings = {
				CODE_SIGN_ENTITLEMENTS = ClipKeepKeyboard/ClipKeepKeyboard.entitlements;
				CODE_SIGN_STYLE = Automatic;
				CURRENT_PROJECT_VERSION = 1;
				DEVELOPMENT_TEAM = GHV7BT96W7;
				GENERATE_INFOPLIST_FILE = YES;
				INFOPLIST_FILE = ClipKeepKeyboard/Info.plist;
				INFOPLIST_KEY_CFBundleDisplayName = ClipKeepKeyboard;
				INFOPLIST_KEY_NSHumanReadableCopyright = "";
				LD_RUNPATH_SEARCH_PATHS = (
					"$(inherited)",
					"@executable_path/Frameworks",
					"@executable_path/../../Frameworks",
				);
				MARKETING_VERSION = 1.0;
				PRODUCT_BUNDLE_IDENTIFIER = adilemre.PasteClone.ClipKeepKeyboard;
				PRODUCT_NAME = "$(TARGET_NAME)";
				SKIP_INSTALL = YES;
				STRING_CATALOG_GENERATE_SYMBOLS = YES;
				SWIFT_APPROACHABLE_CONCURRENCY = YES;
				SWIFT_EMIT_LOC_STRINGS = YES;
				SWIFT_UPCOMING_FEATURE_MEMBER_IMPORT_VISIBILITY = YES;
				SWIFT_VERSION = 5.0;
				TARGETED_DEVICE_FAMILY = "1,2";
			};
			name = Debug;
		};
		F937B27A2F15302200A61176 /* Release */ = {
			isa = XCBuildConfiguration;
			buildSettings = {
				CODE_SIGN_ENTITLEMENTS = ClipKeepKeyboard/ClipKeepKeyboard.entitlements;
				CODE_SIGN_STYLE = Automatic;
				CURRENT_PROJECT_VERSION = 1;
				DEVELOPMENT_TEAM = GHV7BT96W7;
				GENERATE_INFOPLIST_FILE = YES;
				INFOPLIST_FILE = ClipKeepKeyboard/Info.plist;
				INFOPLIST_KEY_CFBundleDisplayName = ClipKeepKeyboard;
				INFOPLIST_KEY_NSHumanReadableCopyright = "";
				LD_RUNPATH_SEARCH_PATHS = (
					"$(inherited)",
					"@executable_path/Frameworks",
					"@executable_path/../../Frameworks",
				);
				MARKETING_VERSION = 1.0;
				PRODUCT_BUNDLE_IDENTIFIER = adilemre.PasteClone.ClipKeepKeyboard;
				PRODUCT_NAME = "$(TARGET_NAME)";
				SKIP_INSTALL = YES;
				STRING_CATALOG_GENERATE_SYMBOLS = YES;
				SWIFT_APPROACHABLE_CONCURRENCY = YES;
				SWIFT_EMIT_LOC_STRINGS = YES;
				SWIFT_UPCOMING_FEATURE_MEMBER_IMPORT_VISIBILITY = YES;
				SWIFT_VERSION = 5.0;
				TARGETED_DEVICE_FAMILY = "1,2";
			};
			name = Release;
		};
		F937B28D2F15302F00A61176 /* Debug */ = {
			isa = XCBuildConfiguration;
			buildSettings = {
				CODE_SIGN_ENTITLEMENTS = ClipKeepShare/ClipKeepShare.entitlements;
				CODE_SIGN_STYLE = Automatic;
				CURRENT_PROJECT_VERSION = 1;
				DEVELOPMENT_TEAM = GHV7BT96W7;
				GENERATE_INFOPLIST_FILE = YES;
				INFOPLIST_FILE = ClipKeepShare/Info.plist;
				INFOPLIST_KEY_CFBundleDisplayName = ClipKeepShare;
				INFOPLIST_KEY_NSHumanReadableCopyright = "";
				LD_RUNPATH_SEARCH_PATHS = (
					"$(inherited)",
					"@executable_path/Frameworks",
					"@executable_path/../../Frameworks",
				);
				MARKETING_VERSION = 1.0;
				PRODUCT_BUNDLE_IDENTIFIER = adilemre.PasteClone.ClipKeepShare;
				PRODUCT_NAME = "$(TARGET_NAME)";
				SKIP_INSTALL = YES;
				STRING_CATALOG_GENERATE_SYMBOLS = YES;
				SWIFT_APPROACHABLE_CONCURRENCY = YES;
				SWIFT_EMIT_LOC_STRINGS = YES;
				SWIFT_UPCOMING_FEATURE_MEMBER_IMPORT_VISIBILITY = YES;
				SWIFT_VERSION = 5.0;
				TARGETED_DEVICE_FAMILY = "1,2";
			};
			name = Debug;
		};
		F937B28E2F15302F00A61176 /* Release */ = {
			isa = XCBuildConfiguration;
			buildSettings = {
				CODE_SIGN_ENTITLEMENTS = ClipKeepShare/ClipKeepShare.entitlements;
				CODE_SIGN_STYLE = Automatic;
				CURRENT_PROJECT_VERSION = 1;
				DEVELOPMENT_TEAM = GHV7BT96W7;
				GENERATE_INFOPLIST_FILE = YES;
				INFOPLIST_FILE = ClipKeepShare/Info.plist;
				INFOPLIST_KEY_CFBundleDisplayName = ClipKeepShare;
				INFOPLIST_KEY_NSHumanReadableCopyright = "";
				LD_RUNPATH_SEARCH_PATHS = (
					"$(inherited)",
					"@executable_path/Frameworks",
					"@executable_path/../../Frameworks",
				);
				MARKETING_VERSION = 1.0;
				PRODUCT_BUNDLE_IDENTIFIER = adilemre.PasteClone.ClipKeepShare;
				PRODUCT_NAME = "$(TARGET_NAME)";
				SKIP_INSTALL = YES;
				STRING_CATALOG_GENERATE_SYMBOLS = YES;
				SWIFT_APPROACHABLE_CONCURRENCY = YES;
				SWIFT_EMIT_LOC_STRINGS = YES;
				SWIFT_UPCOMING_FEATURE_MEMBER_IMPORT_VISIBILITY = YES;
				SWIFT_VERSION = 5.0;
				TARGETED_DEVICE_FAMILY = "1,2";
			};
			name = Release;
		};
		F9DDDB482F151AD700F8F1FA /* Debug */ = {
			isa = XCBuildConfiguration;
			buildSettings = {
				ALWAYS_SEARCH_USER_PATHS = NO;
				ASSETCATALOG_COMPILER_GENERATE_SWIFT_ASSET_SYMBOL_EXTENSIONS = YES;
				CLANG_ANALYZER_NONNULL = YES;
				CLANG_ANALYZER_NUMBER_OBJECT_CONVERSION = YES_AGGRESSIVE;
				CLANG_CXX_LANGUAGE_STANDARD = "gnu++20";
				CLANG_ENABLE_MODULES = YES;
				CLANG_ENABLE_OBJC_ARC = YES;
				CLANG_ENABLE_OBJC_WEAK = YES;
				CLANG_WARN_BLOCK_CAPTURE_AUTORELEASING = YES;
				CLANG_WARN_BOOL_CONVERSION = YES;
				CLANG_WARN_COMMA = YES;
				CLANG_WARN_CONSTANT_CONVERSION = YES;
				CLANG_WARN_DEPRECATED_OBJC_IMPLEMENTATIONS = YES;
				CLANG_WARN_DIRECT_OBJC_ISA_USAGE = YES_ERROR;
				CLANG_WARN_DOCUMENTATION_COMMENTS = YES;
				CLANG_WARN_EMPTY_BODY = YES;
				CLANG_WARN_ENUM_CONVERSION = YES;
				CLANG_WARN_INFINITE_RECURSION = YES;
				CLANG_WARN_INT_CONVERSION = YES;
				CLANG_WARN_NON_LITERAL_NULL_CONVERSION = YES;
				CLANG_WARN_OBJC_IMPLICIT_RETAIN_SELF = YES;
				CLANG_WARN_OBJC_LITERAL_CONVERSION = YES;
				CLANG_WARN_OBJC_ROOT_CLASS = YES_ERROR;
				CLANG_WARN_QUOTED_INCLUDE_IN_FRAMEWORK_HEADER = YES;
				CLANG_WARN_RANGE_LOOP_ANALYSIS = YES;
				CLANG_WARN_STRICT_PROTOTYPES = YES;
				CLANG_WARN_SUSPICIOUS_MOVE = YES;
				CLANG_WARN_UNGUARDED_AVAILABILITY = YES_AGGRESSIVE;
				CLANG_WARN_UNREACHABLE_CODE = YES;
				CLANG_WARN__DUPLICATE_METHOD_MATCH = YES;
				COPY_PHASE_STRIP = NO;
				DEBUG_INFORMATION_FORMAT = dwarf;
				DEVELOPMENT_TEAM = GHV7BT96W7;
				ENABLE_STRICT_OBJC_MSGSEND = YES;
				ENABLE_TESTABILITY = YES;
				ENABLE_USER_SCRIPT_SANDBOXING = YES;
				GCC_C_LANGUAGE_STANDARD = gnu17;
				GCC_DYNAMIC_NO_PIC = NO;
				GCC_NO_COMMON_BLOCKS = YES;
				GCC_OPTIMIZATION_LEVEL = 0;
				GCC_PREPROCESSOR_DEFINITIONS = (
					"DEBUG=1",
					"$(inherited)",
				);
				GCC_WARN_64_TO_32_BIT_CONVERSION = YES;
				GCC_WARN_ABOUT_RETURN_TYPE = YES_ERROR;
				GCC_WARN_UNDECLARED_SELECTOR = YES;
				GCC_WARN_UNINITIALIZED_AUTOS = YES_AGGRESSIVE;
				GCC_WARN_UNUSED_FUNCTION = YES;
				GCC_WARN_UNUSED_VARIABLE = YES;
				IPHONEOS_DEPLOYMENT_TARGET = 26.1;
				LOCALIZATION_PREFERS_STRING_CATALOGS = YES;
				MTL_ENABLE_DEBUG_INFO = INCLUDE_SOURCE;
				MTL_FAST_MATH = YES;
				ONLY_ACTIVE_ARCH = YES;
				SDKROOT = iphoneos;
				SWIFT_ACTIVE_COMPILATION_CONDITIONS = "DEBUG $(inherited)";
				SWIFT_OPTIMIZATION_LEVEL = "-Onone";
			};
			name = Debug;
		};
		F9DDDB492F151AD700F8F1FA /* Release */ = {
			isa = XCBuildConfiguration;
			buildSettings = {
				ALWAYS_SEARCH_USER_PATHS = NO;
				ASSETCATALOG_COMPILER_GENERATE_SWIFT_ASSET_SYMBOL_EXTENSIONS = YES;
				CLANG_ANALYZER_NONNULL = YES;
				CLANG_ANALYZER_NUMBER_OBJECT_CONVERSION = YES_AGGRESSIVE;
				CLANG_CXX_LANGUAGE_STANDARD = "gnu++20";
				CLANG_ENABLE_MODULES = YES;
				CLANG_ENABLE_OBJC_ARC = YES;
				CLANG_ENABLE_OBJC_WEAK = YES;
				CLANG_WARN_BLOCK_CAPTURE_AUTORELEASING = YES;
				CLANG_WARN_BOOL_CONVERSION = YES;
				CLANG_WARN_COMMA = YES;
				CLANG_WARN_CONSTANT_CONVERSION = YES;
				CLANG_WARN_DEPRECATED_OBJC_IMPLEMENTATIONS = YES;
				CLANG_WARN_DIRECT_OBJC_ISA_USAGE = YES_ERROR;
				CLANG_WARN_DOCUMENTATION_COMMENTS = YES;
				CLANG_WARN_EMPTY_BODY = YES;
				CLANG_WARN_ENUM_CONVERSION = YES;
				CLANG_WARN_INFINITE_RECURSION = YES;
				CLANG_WARN_INT_CONVERSION = YES;
				CLANG_WARN_NON_LITERAL_NULL_CONVERSION = YES;
				CLANG_WARN_OBJC_IMPLICIT_RETAIN_SELF = YES;
				CLANG_WARN_OBJC_LITERAL_CONVERSION = YES;
				CLANG_WARN_OBJC_ROOT_CLASS = YES_ERROR;
				CLANG_WARN_QUOTED_INCLUDE_IN_FRAMEWORK_HEADER = YES;
				CLANG_WARN_RANGE_LOOP_ANALYSIS = YES;
				CLANG_WARN_STRICT_PROTOTYPES = YES;
				CLANG_WARN_SUSPICIOUS_MOVE = YES;
				CLANG_WARN_UNGUARDED_AVAILABILITY = YES_AGGRESSIVE;
				CLANG_WARN_UNREACHABLE_CODE = YES;
				CLANG_WARN__DUPLICATE_METHOD_MATCH = YES;
				COPY_PHASE_STRIP = NO;
				DEBUG_INFORMATION_FORMAT = "dwarf-with-dsym";
				DEVELOPMENT_TEAM = GHV7BT96W7;
				ENABLE_NS_ASSERTIONS = NO;
				ENABLE_STRICT_OBJC_MSGSEND = YES;
				ENABLE_USER_SCRIPT_SANDBOXING = YES;
				GCC_C_LANGUAGE_STANDARD = gnu17;
				GCC_NO_COMMON_BLOCKS = YES;
				GCC_WARN_64_TO_32_BIT_CONVERSION = YES;
				GCC_WARN_ABOUT_RETURN_TYPE = YES_ERROR;
				GCC_WARN_UNDECLARED_SELECTOR = YES;
				GCC_WARN_UNINITIALIZED_AUTOS = YES_AGGRESSIVE;
				GCC_WARN_UNUSED_FUNCTION = YES;
				GCC_WARN_UNUSED_VARIABLE = YES;
				IPHONEOS_DEPLOYMENT_TARGET = 26.1;
				LOCALIZATION_PREFERS_STRING_CATALOGS = YES;
				MTL_ENABLE_DEBUG_INFO = NO;
				MTL_FAST_MATH = YES;
				SDKROOT = iphoneos;
				SWIFT_COMPILATION_MODE = wholemodule;
				VALIDATE_PRODUCT = YES;
			};
			name = Release;
		};
		F9DDDB4B2F151AD700F8F1FA /* Debug */ = {
			isa = XCBuildConfiguration;
			buildSettings = {
				ASSETCATALOG_COMPILER_APPICON_NAME = AppIcon;
				ASSETCATALOG_COMPILER_GLOBAL_ACCENT_COLOR_NAME = AccentColor;
				CODE_SIGN_ENTITLEMENTS = PasteClone/PasteClone.entitlements;
				CODE_SIGN_STYLE = Automatic;
				CURRENT_PROJECT_VERSION = 1;
				DEVELOPMENT_TEAM = GHV7BT96W7;
				ENABLE_PREVIEWS = YES;
				GENERATE_INFOPLIST_FILE = YES;
				INFOPLIST_KEY_UIApplicationSceneManifest_Generation = YES;
				INFOPLIST_KEY_UIApplicationSupportsIndirectInputEvents = YES;
				INFOPLIST_KEY_UILaunchScreen_Generation = YES;
				INFOPLIST_KEY_UISupportedInterfaceOrientations_iPad = "UIInterfaceOrientationPortrait UIInterfaceOrientationPortraitUpsideDown UIInterfaceOrientationLandscapeLeft UIInterfaceOrientationLandscapeRight";
				INFOPLIST_KEY_UISupportedInterfaceOrientations_iPhone = "UIInterfaceOrientationPortrait UIInterfaceOrientationLandscapeLeft UIInterfaceOrientationLandscapeRight";
				LD_RUNPATH_SEARCH_PATHS = (
					"$(inherited)",
					"@executable_path/Frameworks",
				);
				MARKETING_VERSION = 1.0;
				PRODUCT_BUNDLE_IDENTIFIER = adilemre.PasteClone;
				PRODUCT_NAME = "$(TARGET_NAME)";
				STRING_CATALOG_GENERATE_SYMBOLS = YES;
				SWIFT_APPROACHABLE_CONCURRENCY = YES;
				SWIFT_DEFAULT_ACTOR_ISOLATION = MainActor;
				SWIFT_EMIT_LOC_STRINGS = YES;
				SWIFT_UPCOMING_FEATURE_MEMBER_IMPORT_VISIBILITY = YES;
				SWIFT_VERSION = 5.0;
				TARGETED_DEVICE_FAMILY = "1,2";
			};
			name = Debug;
		};
		F9DDDB4C2F151AD700F8F1FA /* Release */ = {
			isa = XCBuildConfiguration;
			buildSettings = {
				ASSETCATALOG_COMPILER_APPICON_NAME = AppIcon;
				ASSETCATALOG_COMPILER_GLOBAL_ACCENT_COLOR_NAME = AccentColor;
				CODE_SIGN_ENTITLEMENTS = PasteClone/PasteClone.entitlements;
				CODE_SIGN_STYLE = Automatic;
				CURRENT_PROJECT_VERSION = 1;
				DEVELOPMENT_TEAM = GHV7BT96W7;
				ENABLE_PREVIEWS = YES;
				GENERATE_INFOPLIST_FILE = YES;
				INFOPLIST_KEY_UIApplicationSceneManifest_Generation = YES;
				INFOPLIST_KEY_UIApplicationSupportsIndirectInputEvents = YES;
				INFOPLIST_KEY_UILaunchScreen_Generation = YES;
				INFOPLIST_KEY_UISupportedInterfaceOrientations_iPad = "UIInterfaceOrientationPortrait UIInterfaceOrientationPortraitUpsideDown UIInterfaceOrientationLandscapeLeft UIInterfaceOrientationLandscapeRight";
				INFOPLIST_KEY_UISupportedInterfaceOrientations_iPhone = "UIInterfaceOrientationPortrait UIInterfaceOrientationLandscapeLeft UIInterfaceOrientationLandscapeRight";
				LD_RUNPATH_SEARCH_PATHS = (
					"$(inherited)",
					"@executable_path/Frameworks",
				);
				MARKETING_VERSION = 1.0;
				PRODUCT_BUNDLE_IDENTIFIER = adilemre.PasteClone;
				PRODUCT_NAME = "$(TARGET_NAME)";
				STRING_CATALOG_GENERATE_SYMBOLS = YES;
				SWIFT_APPROACHABLE_CONCURRENCY = YES;
				SWIFT_DEFAULT_ACTOR_ISOLATION = MainActor;
				SWIFT_EMIT_LOC_STRINGS = YES;
				SWIFT_UPCOMING_FEATURE_MEMBER_IMPORT_VISIBILITY = YES;
				SWIFT_VERSION = 5.0;
				TARGETED_DEVICE_FAMILY = "1,2";
			};
			name = Release;
		};
/* End XCBuildConfiguration section */

/* Begin XCConfigurationList section */
		F937B2782F15302200A61176 /* Build configuration list for PBXNativeTarget "ClipKeepKeyboard" */ = {
			isa = XCConfigurationList;
			buildConfigurations = (
				F937B2792F15302200A61176 /* Debug */,
				F937B27A2F15302200A61176 /* Release */,
			);
			defaultConfigurationIsVisible = 0;
			defaultConfigurationName = Release;
		};
		F937B28C2F15302F00A61176 /* Build configuration list for PBXNativeTarget "ClipKeepShare" */ = {
			isa = XCConfigurationList;
			buildConfigurations = (
				F937B28D2F15302F00A61176 /* Debug */,
				F937B28E2F15302F00A61176 /* Release */,
			);
			defaultConfigurationIsVisible = 0;
			defaultConfigurationName = Release;
		};
		F9DDDB3A2F151AD500F8F1FA /* Build configuration list for PBXProject "PasteClone" */ = {
			isa = XCConfigurationList;
			buildConfigurations = (
				F9DDDB482F151AD700F8F1FA /* Debug */,
				F9DDDB492F151AD700F8F1FA /* Release */,
			);
			defaultConfigurationIsVisible = 0;
			defaultConfigurationName = Release;
		};
		F9DDDB4A2F151AD700F8F1FA /* Build configuration list for PBXNativeTarget "PasteClone" */ = {
			isa = XCConfigurationList;
			buildConfigurations = (
				F9DDDB4B2F151AD700F8F1FA /* Debug */,
				F9DDDB4C2F151AD700F8F1FA /* Release */,
			);
			defaultConfigurationIsVisible = 0;
			defaultConfigurationName = Release;
		};
/* End XCConfigurationList section */
	};
	rootObject = F9DDDB372F151AD500F8F1FA /* Project object */;
}
